// !$*UTF8*$!
{
	archiveVersion = 1;
	classes = {
	};
	objectVersion = 46;
	objects = {

/* Begin PBXFileReference section */
		005C4D591C05D36200249089 /* applyPatch.c */ = {isa = PBXFileReference; lastKnownFileType = sourcecode.c.c; name = applyPatch.c; path = src/applyPatch.c; sourceTree = "<group>"; };
		005C4D5A1C05D36200249089 /* computePatchOpt.c */ = {isa = PBXFileReference; lastKnownFileType = sourcecode.c.c; name = computePatchOpt.c; path = src/computePatchOpt.c; sourceTree = "<group>"; };
		005C4D5B1C05D36200249089 /* computePatchOpt.c~ */ = {isa = PBXFileReference; lastKnownFileType = text; name = "computePatchOpt.c~"; path = "src/computePatchOpt.c~"; sourceTree = "<group>"; };
		005C4D5C1C05D36200249089 /* computePatchOpt.h */ = {isa = PBXFileReference; lastKnownFileType = sourcecode.c.h; name = computePatchOpt.h; path = src/computePatchOpt.h; sourceTree = "<group>"; };
		005C4D5D1C05D36200249089 /* computePatchOpt.h~ */ = {isa = PBXFileReference; lastKnownFileType = text; name = "computePatchOpt.h~"; path = "src/computePatchOpt.h~"; sourceTree = "<group>"; };
		005C4D5E1C05D36200249089 /* Doxyfile */ = {isa = PBXFileReference; lastKnownFileType = text; name = Doxyfile; path = src/Doxyfile; sourceTree = "<group>"; };
		005C4D5F1C05D36200249089 /* patchList.c */ = {isa = PBXFileReference; lastKnownFileType = sourcecode.c.c; name = patchList.c; path = src/patchList.c; sourceTree = "<group>"; };
		005C4D601C05D36200249089 /* patchList.c~ */ = {isa = PBXFileReference; lastKnownFileType = text; name = "patchList.c~"; path = "src/patchList.c~"; sourceTree = "<group>"; };
		005C4D611C05D36200249089 /* patchList.h */ = {isa = PBXFileReference; lastKnownFileType = sourcecode.c.h; name = patchList.h; path = src/patchList.h; sourceTree = "<group>"; };
		005C4D621C05D36200249089 /* patchList.h~ */ = {isa = PBXFileReference; lastKnownFileType = text; name = "patchList.h~"; path = "src/patchList.h~"; sourceTree = "<group>"; };
		00D557D41C05D02A00118AD3 /* src */ = {isa = PBXFileReference; lastKnownFileType = folder; path = src; sourceTree = "<group>"; };
/* End PBXFileReference section */

/* Begin PBXGroup section */
		00D557CD1C05CFE000118AD3 = {
			isa = PBXGroup;
			children = (
				005C4D591C05D36200249089 /* applyPatch.c */,
				005C4D5A1C05D36200249089 /* computePatchOpt.c */,
				005C4D5B1C05D36200249089 /* computePatchOpt.c~ */,
				005C4D5C1C05D36200249089 /* computePatchOpt.h */,
				005C4D5D1C05D36200249089 /* computePatchOpt.h~ */,
				005C4D5E1C05D36200249089 /* Doxyfile */,
				005C4D5F1C05D36200249089 /* patchList.c */,
				005C4D601C05D36200249089 /* patchList.c~ */,
				005C4D611C05D36200249089 /* patchList.h */,
				005C4D621C05D36200249089 /* patchList.h~ */,
				00D557D41C05D02A00118AD3 /* src */,
			);
			sourceTree = "<group>";
		};
/* End PBXGroup section */

/* Begin PBXProject section */
		00D557CE1C05CFE000118AD3 /* Project object */ = {
			isa = PBXProject;
			attributes = {
				LastUpgradeCheck = 0630;
			};
			buildConfigurationList = 00D557D11C05CFE000118AD3 /* Build configuration list for PBXProject "TP_AOD_C" */;
			compatibilityVersion = "Xcode 3.2";
			developmentRegion = English;
			hasScannedForEncodings = 0;
			knownRegions = (
				en,
			);
			mainGroup = 00D557CD1C05CFE000118AD3;
			projectDirPath = "";
			projectRoot = "";
			targets = (
			);
		};
/* End PBXProject section */

/* Begin XCBuildConfiguration section */
		00D557D21C05CFE000118AD3 /* Debug */ = {
			isa = XCBuildConfiguration;
			buildSettings = {
			};
			name = Debug;
		};
		00D557D31C05CFE000118AD3 /* Release */ = {
			isa = XCBuildConfiguration;
			buildSettings = {
			};
			name = Release;
		};
/* End XCBuildConfiguration section */

/* Begin XCConfigurationList section */
		00D557D11C05CFE000118AD3 /* Build configuration list for PBXProject "TP_AOD_C" */ = {
			isa = XCConfigurationList;
			buildConfigurations = (
				00D557D21C05CFE000118AD3 /* Debug */,
				00D557D31C05CFE000118AD3 /* Release */,
			);
			defaultConfigurationIsVisible = 0;
			defaultConfigurationName = Release;
		};
/* End XCConfigurationList section */
	};
	rootObject = 00D557CE1C05CFE000118AD3 /* Project object */;
}
