// !$*UTF8*$!
{
	archiveVersion = 1;
	classes = {
	};
	objectVersion = 46;
	objects = {

/* Begin PBXFileReference section */
		00D557D41C05D02A00118AD3 /* src */ = {isa = PBXFileReference; lastKnownFileType = folder; path = src; sourceTree = "<group>"; };
/* End PBXFileReference section */

/* Begin PBXGroup section */
		00D557CD1C05CFE000118AD3 = {
			isa = PBXGroup;
			children = (
				00D557D41C05D02A00118AD3 /* src */,
			);
			sourceTree = "<group>";
		};
/* End PBXGroup section */

/* Begin PBXProject section */
		00D557CE1C05CFE000118AD3 /* Project object */ = {
			isa = PBXProject;
			attributes = {
				LastUpgradeCheck = 0630;
			};
			buildConfigurationList = 00D557D11C05CFE000118AD3 /* Build configuration list for PBXProject "TP_AOD_C" */;
			compatibilityVersion = "Xcode 3.2";
			developmentRegion = English;
			hasScannedForEncodings = 0;
			knownRegions = (
				en,
			);
			mainGroup = 00D557CD1C05CFE000118AD3;
			projectDirPath = "";
			projectRoot = "";
			targets = (
			);
		};
/* End PBXProject section */

/* Begin XCBuildConfiguration section */
		00D557D21C05CFE000118AD3 /* Debug */ = {
			isa = XCBuildConfiguration;
			buildSettings = {
			};
			name = Debug;
		};
		00D557D31C05CFE000118AD3 /* Release */ = {
			isa = XCBuildConfiguration;
			buildSettings = {
			};
			name = Release;
		};
/* End XCBuildConfiguration section */

/* Begin XCConfigurationList section */
		00D557D11C05CFE000118AD3 /* Build configuration list for PBXProject "TP_AOD_C" */ = {
			isa = XCConfigurationList;
			buildConfigurations = (
				00D557D21C05CFE000118AD3 /* Debug */,
				00D557D31C05CFE000118AD3 /* Release */,
			);
			defaultConfigurationIsVisible = 0;
			defaultConfigurationName = Release;
		};
/* End XCConfigurationList section */
	};
	rootObject = 00D557CE1C05CFE000118AD3 /* Project object */;
}
